version = 1
revision = 3
requires-python = ">=3.11"

[[package]]
name = "behave"
version = "1.3.3"
source = { registry = "https://pypi.org/simple" }
dependencies = [
    { name = "colorama" },
    { name = "cucumber-expressions" },
    { name = "cucumber-tag-expressions" },
    { name = "parse" },
    { name = "parse-type" },
    { name = "six" },
]
sdist = { url = "https://files.pythonhosted.org/packages/62/51/f37442fe648b3e35ecf69bee803fa6db3f74c5b46d6c882d0bc5654185a2/behave-1.3.3.tar.gz", hash = "sha256:2b8f4b64ed2ea756a5a2a73e23defc1c4631e9e724c499e46661778453ebaf51", size = 892639, upload-time = "2025-09-04T12:12:02.531Z" }
wheels = [
    { url = "https://files.pythonhosted.org/packages/63/71/06f74ffed6d74525c5cd6677c97bd2df0b7649e47a249cf6a0c2038083b2/behave-1.3.3-py2.py3-none-any.whl", hash = "sha256:89bdb62af8fb9f147ce245736a5de69f025e5edfb66f1fbe16c5007493f842c0", size = 223594, upload-time = "2025-09-04T12:12:00.3Z" },
]

[[package]]
name = "colorama"
version = "0.4.6"
source = { registry = "https://pypi.org/simple" }
sdist = { url = "https://files.pythonhosted.org/packages/d8/53/6f443c9a4a8358a93a6792e2acffb9d9d5cb0a5cfd8802644b7b1c9a02e4/colorama-0.4.6.tar.gz", hash = "sha256:08695f5cb7ed6e0531a20572697297273c47b8cae5a63ffc6d6ed5c201be6e44", size = 27697, upload-time = "2022-10-25T02:36:22.414Z" }
wheels = [
    { url = "https://files.pythonhosted.org/packages/d1/d6/3965ed04c63042e047cb6a3e6ed1a63a35087b6a609aa3a15ed8ac56c221/colorama-0.4.6-py2.py3-none-any.whl", hash = "sha256:4f1d9991f5acc0ca119f9d443620b77f9d6b33703e51011c16baf57afb285fc6", size = 25335, upload-time = "2022-10-25T02:36:20.889Z" },
]

[[package]]
name = "cucumber-expressions"
version = "19.0.0"
source = { registry = "https://pypi.org/simple" }
sdist = { url = "https://files.pythonhosted.org/packages/81/5f/1afc1a0a2a6daed47b2d032a897613a556ebf49303e4af8310223f4a450b/cucumber_expressions-19.0.0.tar.gz", hash = "sha256:8eb5ae46dd03dd37fec1163ace1510529501d7d1868ff372c1ab2cd5aa4543a8", size = 13722, upload-time = "2026-01-25T18:09:15.642Z" }
wheels = [
    { url = "https://files.pythonhosted.org/packages/3b/72/eb79377be899d24c91ed196a50808563685992bb3aa6b82dbe3a1e30df67/cucumber_expressions-19.0.0-py3-none-any.whl", hash = "sha256:f452e6c73258c1677043ad67ad5f538c87284d6b502004720510fb6b7452d9c5", size = 20232, upload-time = "2026-01-25T18:09:16.763Z" },
]

[[package]]
name = "cucumber-tag-expressions"
version = "9.0.0"
source = { registry = "https://pypi.org/simple" }
sdist = { url = "https://files.pythonhosted.org/packages/37/97/61f67f61041c9356686b1098596f436d900fc6c44e63314252da8a60b394/cucumber_tag_expressions-9.0.0.tar.gz", hash = "sha256:731302c12bd602309596b35e733c1021b517d4948329803c23ca026e26ef4e99", size = 8420, upload-time = "2026-01-25T18:30:31.424Z" }
wheels = [
    { url = "https://files.pythonhosted.org/packages/03/9e/59aa2873e9274900334bafa9454363905fa6e69d14d1770dc85b14c6599e/cucumber_tag_expressions-9.0.0-py3-none-any.whl", hash = "sha256:36f3eacf49ad24feeb60218db4c51ab114853b3f022f4f3ad790c32b7597faee", size = 9727, upload-time = "2026-01-25T18:30:30.522Z" },
]

[[package]]
name = "gherkin-bdd-tests"
version = "0.1.0"
source = { virtual = "." }
dependencies = [
    { name = "behave" },
]

[package.metadata]
requires-dist = [{ name = "behave", specifier = ">=1.2.6" }]

[[package]]
name = "parse"
version = "1.21.0"
source = { registry = "https://pypi.org/simple" }
sdist = { url = "https://files.pythonhosted.org/packages/ba/76/2770399accc7b922c288533a88a10e9baa50a1aec76789a8c255a9c6c060/parse-1.21.0.tar.gz", hash = "sha256:937725d51330ffec9c7a26fdb5623baa135d8ba8ed78817ea9523538844e3ce4", size = 29649, upload-time = "2026-02-05T18:33:41.085Z" }
wheels = [
    { url = "https://files.pythonhosted.org/packages/3e/b6/3fee2205ce1333eaa85fdf8500de4e412bbc112d77c9b0045cc8d5a6fcec/parse-1.21.0-py2.py3-none-any.whl", hash = "sha256:6d81f7bae0ab25fd72818375c4a9c71c8705256bfc42e8725be609cf8b904aed", size = 20277, upload-time = "2026-02-05T18:33:39.673Z" },
]

[[package]]
name = "parse-type"
version = "0.6.6"
source = { registry = "https://pypi.org/simple" }
dependencies = [
    { name = "parse" },
    { name = "six" },
]
sdist = { url = "https://files.pythonhosted.org/packages/19/ea/42ba6ce0abba04ab6e0b997dcb9b528a4661b62af1fe1b0d498120d5ea78/parse_type-0.6.6.tar.gz", hash = "sha256:513a3784104839770d690e04339a8b4d33439fcd5dd99f2e4580f9fc1097bfb2", size = 98012, upload-time = "2025-08-11T22:53:48.066Z" }
wheels = [
    { url = "https://files.pythonhosted.org/packages/85/8d/eef3d8cdccc32abdd91b1286884c99b8c3a6d3b135affcc2a7a0f383bb32/parse_type-0.6.6-py2.py3-none-any.whl", hash = "sha256:3ca79bbe71e170dfccc8ec6c341edfd1c2a0fc1e5cfd18330f93af938de2348c", size = 27085, upload-time = "2025-08-11T22:53:46.396Z" },
]

[[package]]
name = "six"
version = "1.17.0"
source = { registry = "https://pypi.org/simple" }
sdist = { url = "https://files.pythonhosted.org/packages/94/e7/b2c673351809dca68a0e064b6af791aa332cf192da575fd474ed7d6f16a2/six-1.17.0.tar.gz", hash = "sha256:ff70335d468e7eb6ec65b95b99d3a2836546063f63acc5171de367e834932a81", size = 34031, upload-time = "2024-12-04T17:35:28.174Z" }
wheels = [
    { url = "https://files.pythonhosted.org/packages/b7/ce/149a00dd41f10bc29e5921b496af8b574d8413afcd5e30dfa0ed46c2cc5e/six-1.17.0-py2.py3-none-any.whl", hash = "sha256:4721f391ed90541fddacab5acf947aa0d3dc7d27b2e1e8eda2be8970586c3274", size = 11050, upload-time = "2024-12-04T17:35:26.475Z" },
]
